
Microsoft Visual Studio Solution File, Format Version 12.00
# Visual Studio 15
VisualStudioVersion = 15.0.26730.8
MinimumVisualStudioVersion = 10.0.40219.1
Project("{9A19103F-16F7-4668-BE54-9A1E7A4F7556}") = "Chopro", "Chopro\Chopro.csproj", "{1E4BADFE-029D-47D2-9F45-07C36C3C45DD}"
EndProject
Project("{E53339B2-1760-4266-BCC7-CA923CBCF16C}") = "docker-compose", "docker-compose.dcproj", "{671D7B19-C039-43EB-A539-B78522DF2AB6}"
EndProject
Project("{9A19103F-16F7-4668-BE54-9A1E7A4F7556}") = "ChoproDat", "ChoproDat\ChoproDat.csproj", "{9CF407B3-CEF4-48F2-A820-F2CD92AABC18}"
EndProject
Project("{FAE04EC0-301F-11D3-BF4B-00C04F79EFBC}") = "ChoproRepo", "ChoproRepo\ChoproRepo.csproj", "{34B4C460-7D7C-4899-8272-9A270D79A989}"
EndProject
Global
	GlobalSection(SolutionConfigurationPlatforms) = preSolution
		Debug|Any CPU = Debug|Any CPU
		Release|Any CPU = Release|Any CPU
	EndGlobalSection
	GlobalSection(ProjectConfigurationPlatforms) = postSolution
		{1E4BADFE-029D-47D2-9F45-07C36C3C45DD}.Debug|Any CPU.ActiveCfg = Debug|Any CPU
		{1E4BADFE-029D-47D2-9F45-07C36C3C45DD}.Debug|Any CPU.Build.0 = Debug|Any CPU
		{1E4BADFE-029D-47D2-9F45-07C36C3C45DD}.Release|Any CPU.ActiveCfg = Release|Any CPU
		{1E4BADFE-029D-47D2-9F45-07C36C3C45DD}.Release|Any CPU.Build.0 = Release|Any CPU
		{671D7B19-C039-43EB-A539-B78522DF2AB6}.Debug|Any CPU.ActiveCfg = Debug|Any CPU
		{671D7B19-C039-43EB-A539-B78522DF2AB6}.Debug|Any CPU.Build.0 = Debug|Any CPU
		{671D7B19-C039-43EB-A539-B78522DF2AB6}.Release|Any CPU.ActiveCfg = Release|Any CPU
		{671D7B19-C039-43EB-A539-B78522DF2AB6}.Release|Any CPU.Build.0 = Release|Any CPU
		{9CF407B3-CEF4-48F2-A820-F2CD92AABC18}.Debug|Any CPU.ActiveCfg = Debug|Any CPU
		{9CF407B3-CEF4-48F2-A820-F2CD92AABC18}.Debug|Any CPU.Build.0 = Debug|Any CPU
		{9CF407B3-CEF4-48F2-A820-F2CD92AABC18}.Release|Any CPU.ActiveCfg = Release|Any CPU
		{9CF407B3-CEF4-48F2-A820-F2CD92AABC18}.Release|Any CPU.Build.0 = Release|Any CPU
		{34B4C460-7D7C-4899-8272-9A270D79A989}.Debug|Any CPU.ActiveCfg = Debug|Any CPU
		{34B4C460-7D7C-4899-8272-9A270D79A989}.Debug|Any CPU.Build.0 = Debug|Any CPU
		{34B4C460-7D7C-4899-8272-9A270D79A989}.Release|Any CPU.ActiveCfg = Release|Any CPU
		{34B4C460-7D7C-4899-8272-9A270D79A989}.Release|Any CPU.Build.0 = Release|Any CPU
	EndGlobalSection
	GlobalSection(SolutionProperties) = preSolution
		HideSolutionNode = FALSE
	EndGlobalSection
	GlobalSection(ExtensibilityGlobals) = postSolution
		SolutionGuid = {4A5CC3CC-1146-4A5A-BDC0-C065F3FB1CB1}
	EndGlobalSection
EndGlobal
